
Microsoft Visual Studio Solution File, Format Version 12.00
# Visual Studio Version 17
VisualStudioVersion = 17.9.34622.214
MinimumVisualStudioVersion = 10.0.40219.1
Project("{9A19103F-16F7-4668-BE54-9A1E7A4F7556}") = "Nethereum.CustomError.Generator", "Nethereum.CustomError.Generator\Nethereum.CustomError.Generator.csproj", "{88D4B68D-9F26-4F8D-B10A-36A01191A226}"
EndProject
Project("{9A19103F-16F7-4668-BE54-9A1E7A4F7556}") = "TestError", "TestError\TestError.csproj", "{0D12BCF0-C6A3-4045-B2EC-5213219A42F4}"
EndProject
Global
	GlobalSection(SolutionConfigurationPlatforms) = preSolution
		Debug|Any CPU = Debug|Any CPU
		Release|Any CPU = Release|Any CPU
	EndGlobalSection
	GlobalSection(ProjectConfigurationPlatforms) = postSolution
		{88D4B68D-9F26-4F8D-B10A-36A01191A226}.Debug|Any CPU.ActiveCfg = Debug|Any CPU
		{88D4B68D-9F26-4F8D-B10A-36A01191A226}.Debug|Any CPU.Build.0 = Debug|Any CPU
		{88D4B68D-9F26-4F8D-B10A-36A01191A226}.Release|Any CPU.ActiveCfg = Release|Any CPU
		{88D4B68D-9F26-4F8D-B10A-36A01191A226}.Release|Any CPU.Build.0 = Release|Any CPU
		{0D12BCF0-C6A3-4045-B2EC-5213219A42F4}.Debug|Any CPU.ActiveCfg = Debug|Any CPU
		{0D12BCF0-C6A3-4045-B2EC-5213219A42F4}.Debug|Any CPU.Build.0 = Debug|Any CPU
		{0D12BCF0-C6A3-4045-B2EC-5213219A42F4}.Release|Any CPU.ActiveCfg = Release|Any CPU
		{0D12BCF0-C6A3-4045-B2EC-5213219A42F4}.Release|Any CPU.Build.0 = Release|Any CPU
	EndGlobalSection
	GlobalSection(SolutionProperties) = preSolution
		HideSolutionNode = FALSE
	EndGlobalSection
	GlobalSection(ExtensibilityGlobals) = postSolution
		SolutionGuid = {BCDF75BF-2A64-493F-9260-7EBACC936D77}
	EndGlobalSection
EndGlobal
